
Microsoft Visual Studio Solution File, Format Version 12.00
# Visual Studio Version 16
VisualStudioVersion = 25.0.1706.0
MinimumVisualStudioVersion = 10.0.40219.1
Project("{FAE04EC0-301F-11D3-BF4B-00C04F79EFBC}") = "delaware.training.pin", "delaware.training.pin\delaware.training.pin.csproj", "{C6C7EDC0-3DCD-4188-8F02-E1AED634D6DE}"
EndProject
Global
	GlobalSection(SolutionConfigurationPlatforms) = preSolution
		Debug|Any CPU = Debug|Any CPU
		Release|Any CPU = Release|Any CPU
	EndGlobalSection
	GlobalSection(ProjectConfigurationPlatforms) = postSolution
		{C6C7EDC0-3DCD-4188-8F02-E1AED634D6DE}.Debug|Any CPU.ActiveCfg = Debug|Any CPU
		{C6C7EDC0-3DCD-4188-8F02-E1AED634D6DE}.Debug|Any CPU.Build.0 = Debug|Any CPU
		{C6C7EDC0-3DCD-4188-8F02-E1AED634D6DE}.Release|Any CPU.ActiveCfg = Release|Any CPU
		{C6C7EDC0-3DCD-4188-8F02-E1AED634D6DE}.Release|Any CPU.Build.0 = Release|Any CPU
	EndGlobalSection
	GlobalSection(SolutionProperties) = preSolution
		HideSolutionNode = FALSE
	EndGlobalSection
	GlobalSection(ExtensibilityGlobals) = postSolution
		SolutionGuid = {CCC32E83-ECC2-4488-9F04-D91465CD9842}
	EndGlobalSection
EndGlobal
